
Microsoft Visual Studio Solution File, Format Version 12.00
# Visual Studio Version 17
VisualStudioVersion = 17.4.33110.190
MinimumVisualStudioVersion = 10.0.40219.1
Project("{FAE04EC0-301F-11D3-BF4B-00C04F79EFBC}") = "Medas.JwtAPP.Back", "Medas.JwtAPP.Back\Medas.JwtAPP.Back.csproj", "{955CC145-0BF1-4755-AEAD-DDF26E19BB5C}"
EndProject
Global
	GlobalSection(SolutionConfigurationPlatforms) = preSolution
		Debug|Any CPU = Debug|Any CPU
		Release|Any CPU = Release|Any CPU
	EndGlobalSection
	GlobalSection(ProjectConfigurationPlatforms) = postSolution
		{955CC145-0BF1-4755-AEAD-DDF26E19BB5C}.Debug|Any CPU.ActiveCfg = Debug|Any CPU
		{955CC145-0BF1-4755-AEAD-DDF26E19BB5C}.Debug|Any CPU.Build.0 = Debug|Any CPU
		{955CC145-0BF1-4755-AEAD-DDF26E19BB5C}.Release|Any CPU.ActiveCfg = Release|Any CPU
		{955CC145-0BF1-4755-AEAD-DDF26E19BB5C}.Release|Any CPU.Build.0 = Release|Any CPU
	EndGlobalSection
	GlobalSection(SolutionProperties) = preSolution
		HideSolutionNode = FALSE
	EndGlobalSection
	GlobalSection(ExtensibilityGlobals) = postSolution
		SolutionGuid = {B77EF521-5011-4ACE-A07E-511C4C82F4EE}
	EndGlobalSection
EndGlobal
